
Microsoft Visual Studio Solution File, Format Version 12.00
# Visual Studio Version 16
VisualStudioVersion = 16.0.30717.126
MinimumVisualStudioVersion = 10.0.40219.1
Project("{FAE04EC0-301F-11D3-BF4B-00C04F79EFBC}") = "Teste4", "Teste4\Teste4.csproj", "{886A03C5-DA63-4998-99C3-240DAA294918}"
EndProject
Global
	GlobalSection(SolutionConfigurationPlatforms) = preSolution
		Debug|Any CPU = Debug|Any CPU
		Release|Any CPU = Release|Any CPU
	EndGlobalSection
	GlobalSection(ProjectConfigurationPlatforms) = postSolution
		{886A03C5-DA63-4998-99C3-240DAA294918}.Debug|Any CPU.ActiveCfg = Debug|Any CPU
		{886A03C5-DA63-4998-99C3-240DAA294918}.Debug|Any CPU.Build.0 = Debug|Any CPU
		{886A03C5-DA63-4998-99C3-240DAA294918}.Release|Any CPU.ActiveCfg = Release|Any CPU
		{886A03C5-DA63-4998-99C3-240DAA294918}.Release|Any CPU.Build.0 = Release|Any CPU
	EndGlobalSection
	GlobalSection(SolutionProperties) = preSolution
		HideSolutionNode = FALSE
	EndGlobalSection
	GlobalSection(ExtensibilityGlobals) = postSolution
		SolutionGuid = {97E6CB1A-9ABF-44C0-AE1B-884B7E810E0C}
	EndGlobalSection
EndGlobal
